
Microsoft Visual Studio Solution File, Format Version 12.00
# Visual Studio Version 17
VisualStudioVersion = 17.9.34701.34
MinimumVisualStudioVersion = 10.0.40219.1
Project("{9A19103F-16F7-4668-BE54-9A1E7A4F7556}") = "RunDll.Server", "RunDll.Server\RunDll.Server.csproj", "{C481844E-C68C-4CC1-BDFA-A4597D7C4829}"
EndProject
Project("{9A19103F-16F7-4668-BE54-9A1E7A4F7556}") = "RunDll.Tests", "RunDll.Tests\RunDll.Tests.csproj", "{629C6849-F522-4249-AC37-7A573A97159F}"
	ProjectSection(ProjectDependencies) = postProject
		{6B32FB48-1851-47F5-9310-15EE27F7F612} = {6B32FB48-1851-47F5-9310-15EE27F7F612}
	EndProjectSection
EndProject
Project("{9A19103F-16F7-4668-BE54-9A1E7A4F7556}") = "RunDll", "RunDll\RunDll.csproj", "{6B32FB48-1851-47F5-9310-15EE27F7F612}"
	ProjectSection(ProjectDependencies) = postProject
		{C481844E-C68C-4CC1-BDFA-A4597D7C4829} = {C481844E-C68C-4CC1-BDFA-A4597D7C4829}
	EndProjectSection
EndProject
Project("{9A19103F-16F7-4668-BE54-9A1E7A4F7556}") = "RunDll.Tests.Data", "RunDll.Tests.Data\RunDll.Tests.Data.csproj", "{9EAE34FB-3E86-4EF5-8CFE-6154ADA86380}"
EndProject
Project("{FAE04EC0-301F-11D3-BF4B-00C04F79EFBC}") = "RunDll.Common", "RunDll.Common\RunDll.Common.csproj", "{2D19C5CC-80B8-4BDE-8453-B100128D1344}"
EndProject
Global
	GlobalSection(SolutionConfigurationPlatforms) = preSolution
		Debug|Any CPU = Debug|Any CPU
		Release|Any CPU = Release|Any CPU
	EndGlobalSection
	GlobalSection(ProjectConfigurationPlatforms) = postSolution
		{C481844E-C68C-4CC1-BDFA-A4597D7C4829}.Debug|Any CPU.ActiveCfg = Debug|Any CPU
		{C481844E-C68C-4CC1-BDFA-A4597D7C4829}.Debug|Any CPU.Build.0 = Debug|Any CPU
		{C481844E-C68C-4CC1-BDFA-A4597D7C4829}.Release|Any CPU.ActiveCfg = Release|Any CPU
		{C481844E-C68C-4CC1-BDFA-A4597D7C4829}.Release|Any CPU.Build.0 = Release|Any CPU
		{629C6849-F522-4249-AC37-7A573A97159F}.Debug|Any CPU.ActiveCfg = Debug|Any CPU
		{629C6849-F522-4249-AC37-7A573A97159F}.Debug|Any CPU.Build.0 = Debug|Any CPU
		{629C6849-F522-4249-AC37-7A573A97159F}.Release|Any CPU.ActiveCfg = Release|Any CPU
		{629C6849-F522-4249-AC37-7A573A97159F}.Release|Any CPU.Build.0 = Release|Any CPU
		{6B32FB48-1851-47F5-9310-15EE27F7F612}.Debug|Any CPU.ActiveCfg = Debug|Any CPU
		{6B32FB48-1851-47F5-9310-15EE27F7F612}.Debug|Any CPU.Build.0 = Debug|Any CPU
		{6B32FB48-1851-47F5-9310-15EE27F7F612}.Release|Any CPU.ActiveCfg = Release|Any CPU
		{6B32FB48-1851-47F5-9310-15EE27F7F612}.Release|Any CPU.Build.0 = Release|Any CPU
		{9EAE34FB-3E86-4EF5-8CFE-6154ADA86380}.Debug|Any CPU.ActiveCfg = Debug|Any CPU
		{9EAE34FB-3E86-4EF5-8CFE-6154ADA86380}.Debug|Any CPU.Build.0 = Debug|Any CPU
		{9EAE34FB-3E86-4EF5-8CFE-6154ADA86380}.Release|Any CPU.ActiveCfg = Release|Any CPU
		{9EAE34FB-3E86-4EF5-8CFE-6154ADA86380}.Release|Any CPU.Build.0 = Release|Any CPU
		{2D19C5CC-80B8-4BDE-8453-B100128D1344}.Debug|Any CPU.ActiveCfg = Debug|Any CPU
		{2D19C5CC-80B8-4BDE-8453-B100128D1344}.Debug|Any CPU.Build.0 = Debug|Any CPU
		{2D19C5CC-80B8-4BDE-8453-B100128D1344}.Release|Any CPU.ActiveCfg = Release|Any CPU
		{2D19C5CC-80B8-4BDE-8453-B100128D1344}.Release|Any CPU.Build.0 = Release|Any CPU
	EndGlobalSection
	GlobalSection(SolutionProperties) = preSolution
		HideSolutionNode = FALSE
	EndGlobalSection
	GlobalSection(ExtensibilityGlobals) = postSolution
		SolutionGuid = {B16B4DDE-A507-4B77-AE19-08E955531E31}
	EndGlobalSection
EndGlobal
